PODS:
  - AFNetworking (2.5.0):
    - AFNetworking/NSURLConnection
    - AFNetworking/NSURLSession
    - AFNetworking/Reachability
    - AFNetworking/Security
    - AFNetworking/Serialization
    - AFNetworking/UIKit
  - AFNetworking/NSURLConnection (2.5.0):
    - AFNetworking/Reachability
    - AFNetworking/Security
    - AFNetworking/Serialization
  - AFNetworking/NSURLSession (2.5.0):
    - AFNetworking/Reachability
    - AFNetworking/Security
    - AFNetworking/Serialization
  - AFNetworking/Reachability (2.5.0)
  - AFNetworking/Security (2.5.0)
  - AFNetworking/Serialization (2.5.0)
  - AFNetworking/UIKit (2.5.0):
    - AFNetworking/NSURLConnection
    - AFNetworking/NSURLSession
  - Bolts (1.1.3)
  - IOSLinkedInAPI (2.0.0):
    - AFNetworking (>= 2.0.0)
  - Parse (1.5.0):
    - Bolts (~> 1.1.3)
  - PFLinkedInUtils (0.1.0):
    - IOSLinkedInAPI (~> 2.0)
    - Parse (~> 1.5)

DEPENDENCIES:
  - PFLinkedInUtils (from `../`)

EXTERNAL SOURCES:
  PFLinkedInUtils:
    :path: ../

SPEC CHECKSUMS:
  AFNetworking: 0f54cb5d16ce38c1b76948faffb8d5fb705021c7
  Bolts: 3db0a875235e0c9042b013af13af0f00f79b102c
  IOSLinkedInAPI: 5b400668a260a3594af94e363ade95933ce22db8
  Parse: 7de25b6f70f0b233e5d25835f62eabfa91e4f9d7
  PFLinkedInUtils: 779b39fccc4c89db90885a254e48eaac75a9eb3d

COCOAPODS: 0.34.4
